// !$*UTF8*$!
{
	archiveVersion = 1;
	classes = {
	};
	objectVersion = 46;
	objects = {

/* Begin PBXBuildFile section */
		C52D01F61ED9556B00E40887 /* main.m in Sources */ = {isa = PBXBuildFile; fileRef = C52D01F51ED9556B00E40887 /* main.m */; };
		C52D01F91ED9556B00E40887 /* AppDelegate.m in Sources */ = {isa = PBXBuildFile; fileRef = C52D01F81ED9556B00E40887 /* AppDelegate.m */; };
		C52D01FC1ED9556B00E40887 /* ViewController.m in Sources */ = {isa = PBXBuildFile; fileRef = C52D01FB1ED9556B00E40887 /* ViewController.m */; };
		C52D01FF1ED9556B00E40887 /* Main.storyboard in Resources */ = {isa = PBXBuildFile; fileRef = C52D01FD1ED9556B00E40887 /* Main.storyboard */; };
		C52D02011ED9556B00E40887 /* Assets.xcassets in Resources */ = {isa = PBXBuildFile; fileRef = C52D02001ED9556B00E40887 /* Assets.xcassets */; };
		C52D02041ED9556B00E40887 /* LaunchScreen.storyboard in Resources */ = {isa = PBXBuildFile; fileRef = C52D02021ED9556B00E40887 /* LaunchScreen.storyboard */; };
		C52D020D1ED955AB00E40887 /* DSFirstViewController.m in Sources */ = {isa = PBXBuildFile; fileRef = C52D020C1ED955AB00E40887 /* DSFirstViewController.m */; };
/* End PBXBuildFile section */

/* Begin PBXFileReference section */
		C52D01F11ED9556B00E40887 /* Demo.app */ = {isa = PBXFileReference; explicitFileType = wrapper.application; includeInIndex = 0; path = Demo.app; sourceTree = BUILT_PRODUCTS_DIR; };
		C52D01F51ED9556B00E40887 /* main.m */ = {isa = PBXFileReference; lastKnownFileType = sourcecode.c.objc; path = main.m; sourceTree = "<group>"; };
		C52D01F71ED9556B00E40887 /* AppDelegate.h */ = {isa = PBXFileReference; lastKnownFileType = sourcecode.c.h; path = AppDelegate.h; sourceTree = "<group>"; };
		C52D01F81ED9556B00E40887 /* AppDelegate.m */ = {isa = PBXFileReference; lastKnownFileType = sourcecode.c.objc; path = AppDelegate.m; sourceTree = "<group>"; };
		C52D01FA1ED9556B00E40887 /* ViewController.h */ = {isa = PBXFileReference; lastKnownFileType = sourcecode.c.h; path = ViewController.h; sourceTree = "<group>"; };
		C52D01FB1ED9556B00E40887 /* ViewController.m */ = {isa = PBXFileReference; lastKnownFileType = sourcecode.c.objc; path = ViewController.m; sourceTree = "<group>"; };
		C52D01FE1ED9556B00E40887 /* Base */ = {isa = PBXFileReference; lastKnownFileType = file.storyboard; name = Base; path = Base.lproj/Main.storyboard; sourceTree = "<group>"; };
		C52D02001ED9556B00E40887 /* Assets.xcassets */ = {isa = PBXFileReference; lastKnownFileType = folder.assetcatalog; path = Assets.xcassets; sourceTree = "<group>"; };
		C52D02031ED9556B00E40887 /* Base */ = {isa = PBXFileReference; lastKnownFileType = file.storyboard; name = Base; path = Base.lproj/LaunchScreen.storyboard; sourceTree = "<group>"; };
		C52D02051ED9556B00E40887 /* Info.plist */ = {isa = PBXFileReference; lastKnownFileType = text.plist.xml; path = Info.plist; sourceTree = "<group>"; };
		C52D020B1ED955AB00E40887 /* DSFirstViewController.h */ = {isa = PBXFileReference; fileEncoding = 4; lastKnownFileType = sourcecode.c.h; path = DSFirstViewController.h; sourceTree = "<group>"; };
		C52D020C1ED955AB00E40887 /* DSFirstViewController.m */ = {isa = PBXFileReference; fileEncoding = 4; lastKnownFileType = sourcecode.c.objc; path = DSFirstViewController.m; sourceTree = "<group>"; };
/* End PBXFileReference section */

/* Begin PBXFrameworksBuildPhase section */
		C52D01EE1ED9556B00E40887 /* Frameworks */ = {
			isa = PBXFrameworksBuildPhase;
			buildActionMask = 2147483647;
			files = (
			);
			runOnlyForDeploymentPostprocessing = 0;
		};
/* End PBXFrameworksBuildPhase section */

/* Begin PBXGroup section */
		C52D01E81ED9556B00E40887 = {
			isa = PBXGroup;
			children = (
				C52D01F31ED9556B00E40887 /* Demo */,
				C52D01F21ED9556B00E40887 /* Products */,
			);
			sourceTree = "<group>";
		};
		C52D01F21ED9556B00E40887 /* Products */ = {
			isa = PBXGroup;
			children = (
				C52D01F11ED9556B00E40887 /* Demo.app */,
			);
			name = Products;
			sourceTree = "<group>";
		};
		C52D01F31ED9556B00E40887 /* Demo */ = {
			isa = PBXGroup;
			children = (
				C52D01F71ED9556B00E40887 /* AppDelegate.h */,
				C52D01F81ED9556B00E40887 /* AppDelegate.m */,
				C52D01FA1ED9556B00E40887 /* ViewController.h */,
				C52D01FB1ED9556B00E40887 /* ViewController.m */,
				C52D01FD1ED9556B00E40887 /* Main.storyboard */,
				C52D02001ED9556B00E40887 /* Assets.xcassets */,
				C52D02021ED9556B00E40887 /* LaunchScreen.storyboard */,
				C52D02051ED9556B00E40887 /* Info.plist */,
				C52D01F41ED9556B00E40887 /* Supporting Files */,
				C52D020B1ED955AB00E40887 /* DSFirstViewController.h */,
				C52D020C1ED955AB00E40887 /* DSFirstViewController.m */,
			);
			path = Demo;
			sourceTree = "<group>";
		};
		C52D01F41ED9556B00E40887 /* Supporting Files */ = {
			isa = PBXGroup;
			children = (
				C52D01F51ED9556B00E40887 /* main.m */,
			);
			name = "Supporting Files";
			sourceTree = "<group>";
		};
/* End PBXGroup section */

/* Begin PBXNativeTarget section */
		C52D01F01ED9556B00E40887 /* Demo */ = {
			isa = PBXNativeTarget;
			buildConfigurationList = C52D02081ED9556B00E40887 /* Build configuration list for PBXNativeTarget "Demo" */;
			buildPhases = (
				C52D01ED1ED9556B00E40887 /* Sources */,
				C52D01EE1ED9556B00E40887 /* Frameworks */,
				C52D01EF1ED9556B00E40887 /* Resources */,
			);
			buildRules = (
			);
			dependencies = (
			);
			name = Demo;
			productName = Demo;
			productReference = C52D01F11ED9556B00E40887 /* Demo.app */;
			productType = "com.apple.product-type.application";
		};
/* End PBXNativeTarget section */

/* Begin PBXProject section */
		C52D01E91ED9556B00E40887 /* Project object */ = {
			isa = PBXProject;
			attributes = {
				LastUpgradeCheck = 0830;
				ORGANIZATIONNAME = Ericdong;
				TargetAttributes = {
					C52D01F01ED9556B00E40887 = {
						CreatedOnToolsVersion = 8.3.2;
						DevelopmentTeam = Q73S6C967P;
						ProvisioningStyle = Automatic;
					};
				};
			};
			buildConfigurationList = C52D01EC1ED9556B00E40887 /* Build configuration list for PBXProject "Demo" */;
			compatibilityVersion = "Xcode 3.2";
			developmentRegion = English;
			hasScannedForEncodings = 0;
			knownRegions = (
				en,
				Base,
			);
			mainGroup = C52D01E81ED9556B00E40887;
			productRefGroup = C52D01F21ED9556B00E40887 /* Products */;
			projectDirPath = "";
			projectRoot = "";
			targets = (
				C52D01F01ED9556B00E40887 /* Demo */,
			);
		};
/* End PBXProject section */

/* Begin PBXResourcesBuildPhase section */
		C52D01EF1ED9556B00E40887 /* Resources */ = {
			isa = PBXResourcesBuildPhase;
			buildActionMask = 2147483647;
			files = (
				C52D02041ED9556B00E40887 /* LaunchScreen.storyboard in Resources */,
				C52D02011ED9556B00E40887 /* Assets.xcassets in Resources */,
				C52D01FF1ED9556B00E40887 /* Main.storyboard in Resources */,
			);
			runOnlyForDeploymentPostprocessing = 0;
		};
/* End PBXResourcesBuildPhase section */

/* Begin PBXSourcesBuildPhase section */
		C52D01ED1ED9556B00E40887 /* Sources */ = {
			isa = PBXSourcesBuildPhase;
			buildActionMask = 2147483647;
			files = (
				C52D020D1ED955AB00E40887 /* DSFirstViewController.m in Sources */,
				C52D01FC1ED9556B00E40887 /* ViewController.m in Sources */,
				C52D01F91ED9556B00E40887 /* AppDelegate.m in Sources */,
				C52D01F61ED9556B00E40887 /* main.m in Sources */,
			);
			runOnlyForDeploymentPostprocessing = 0;
		};
/* End PBXSourcesBuildPhase section */

/* Begin PBXVariantGroup section */
		C52D01FD1ED9556B00E40887 /* Main.storyboard */ = {
			isa = PBXVariantGroup;
			children = (
				C52D01FE1ED9556B00E40887 /* Base */,
			);
			name = Main.storyboard;
			sourceTree = "<group>";
		};
		C52D02021ED9556B00E40887 /* LaunchScreen.storyboard */ = {
			isa = PBXVariantGroup;
			children = (
				C52D02031ED9556B00E40887 /* Base */,
			);
			name = LaunchScreen.storyboard;
			sourceTree = "<group>";
		};
/* End PBXVariantGroup section */

/* Begin XCBuildConfiguration section */
		C52D02061ED9556B00E40887 /* Debug */ = {
			isa = XCBuildConfiguration;
			buildSettings = {
				ALWAYS_SEARCH_USER_PATHS = NO;
				CLANG_ANALYZER_NONNULL = YES;
				CLANG_ANALYZER_NUMBER_OBJECT_CONVERSION = YES_AGGRESSIVE;
				CLANG_CXX_LANGUAGE_STANDARD = "gnu++0x";
				CLANG_CXX_LIBRARY = "libc++";
				CLANG_ENABLE_MODULES = YES;
				CLANG_ENABLE_OBJC_ARC = YES;
				CLANG_WARN_BOOL_CONVERSION = YES;
				CLANG_WARN_CONSTANT_CONVERSION = YES;
				CLANG_WARN_DIRECT_OBJC_ISA_USAGE = YES_ERROR;
				CLANG_WARN_DOCUMENTATION_COMMENTS = YES;
				CLANG_WARN_EMPTY_BODY = YES;
				CLANG_WARN_ENUM_CONVERSION = YES;
				CLANG_WARN_INFINITE_RECURSION = YES;
				CLANG_WARN_INT_CONVERSION = YES;
				CLANG_WARN_OBJC_ROOT_CLASS = YES_ERROR;
				CLANG_WARN_SUSPICIOUS_MOVE = YES;
				CLANG_WARN_UNREACHABLE_CODE = YES;
				CLANG_WARN__DUPLICATE_METHOD_MATCH = YES;
				"CODE_SIGN_IDENTITY[sdk=iphoneos*]" = "iPhone Developer";
				COPY_PHASE_STRIP = NO;
				DEBUG_INFORMATION_FORMAT = dwarf;
				ENABLE_STRICT_OBJC_MSGSEND = YES;
				ENABLE_TESTABILITY = YES;
				GCC_C_LANGUAGE_STANDARD = gnu99;
				GCC_DYNAMIC_NO_PIC = NO;
				GCC_NO_COMMON_BLOCKS = YES;
				GCC_OPTIMIZATION_LEVEL = 0;
				GCC_PREPROCESSOR_DEFINITIONS = (
					"DEBUG=1",
					"$(inherited)",
				);
				GCC_WARN_64_TO_32_BIT_CONVERSION = YES;
				GCC_WARN_ABOUT_RETURN_TYPE = YES_ERROR;
				GCC_WARN_UNDECLARED_SELECTOR = YES;
				GCC_WARN_UNINITIALIZED_AUTOS = YES_AGGRESSIVE;
				GCC_WARN_UNUSED_FUNCTION = YES;
				GCC_WARN_UNUSED_VARIABLE = YES;
				IPHONEOS_DEPLOYMENT_TARGET = 10.3;
				MTL_ENABLE_DEBUG_INFO = YES;
				ONLY_ACTIVE_ARCH = YES;
				SDKROOT = iphoneos;
			};
			name = Debug;
		};
		C52D02071ED9556B00E40887 /* Release */ = {
			isa = XCBuildConfiguration;
			buildSettings = {
				ALWAYS_SEARCH_USER_PATHS = NO;
				CLANG_ANALYZER_NONNULL = YES;
				CLANG_ANALYZER_NUMBER_OBJECT_CONVERSION = YES_AGGRESSIVE;
				CLANG_CXX_LANGUAGE_STANDARD = "gnu++0x";
				CLANG_CXX_LIBRARY = "libc++";
				CLANG_ENABLE_MODULES = YES;
				CLANG_ENABLE_OBJC_ARC = YES;
				CLANG_WARN_BOOL_CONVERSION = YES;
				CLANG_WARN_CONSTANT_CONVERSION = YES;
				CLANG_WARN_DIRECT_OBJC_ISA_USAGE = YES_ERROR;
				CLANG_WARN_DOCUMENTATION_COMMENTS = YES;
				CLANG_WARN_EMPTY_BODY = YES;
				CLANG_WARN_ENUM_CONVERSION = YES;
				CLANG_WARN_INFINITE_RECURSION = YES;
				CLANG_WARN_INT_CONVERSION = YES;
				CLANG_WARN_OBJC_ROOT_CLASS = YES_ERROR;
				CLANG_WARN_SUSPICIOUS_MOVE = YES;
				CLANG_WARN_UNREACHABLE_CODE = YES;
				CLANG_WARN__DUPLICATE_METHOD_MATCH = YES;
				"CODE_SIGN_IDENTITY[sdk=iphoneos*]" = "iPhone Developer";
				COPY_PHASE_STRIP = NO;
				DEBUG_INFORMATION_FORMAT = "dwarf-with-dsym";
				ENABLE_NS_ASSERTIONS = NO;
				ENABLE_STRICT_OBJC_MSGSEND = YES;
				GCC_C_LANGUAGE_STANDARD = gnu99;
				GCC_NO_COMMON_BLOCKS = YES;
				GCC_WARN_64_TO_32_BIT_CONVERSION = YES;
				GCC_WARN_ABOUT_RETURN_TYPE = YES_ERROR;
				GCC_WARN_UNDECLARED_SELECTOR = YES;
				GCC_WARN_UNINITIALIZED_AUTOS = YES_AGGRESSIVE;
				GCC_WARN_UNUSED_FUNCTION = YES;
				GCC_WARN_UNUSED_VARIABLE = YES;
				IPHONEOS_DEPLOYMENT_TARGET = 10.3;
				MTL_ENABLE_DEBUG_INFO = NO;
				SDKROOT = iphoneos;
				VALIDATE_PRODUCT = YES;
			};
			name = Release;
		};
		C52D02091ED9556B00E40887 /* Debug */ = {
			isa = XCBuildConfiguration;
			buildSettings = {
				ASSETCATALOG_COMPILER_APPICON_NAME = AppIcon;
				DEVELOPMENT_TEAM = Q73S6C967P;
				INFOPLIST_FILE = Demo/Info.plist;
				LD_RUNPATH_SEARCH_PATHS = "$(inherited) @executable_path/Frameworks";
				PRODUCT_BUNDLE_IDENTIFIER = "com.treefinance.-ServicePluginDemo.Demo";
				PRODUCT_NAME = "$(TARGET_NAME)";
			};
			name = Debug;
		};
		C52D020A1ED9556B00E40887 /* Release */ = {
			isa = XCBuildConfiguration;
			buildSettings = {
				ASSETCATALOG_COMPILER_APPICON_NAME = AppIcon;
				DEVELOPMENT_TEAM = Q73S6C967P;
				INFOPLIST_FILE = Demo/Info.plist;
				LD_RUNPATH_SEARCH_PATHS = "$(inherited) @executable_path/Frameworks";
				PRODUCT_BUNDLE_IDENTIFIER = "com.treefinance.-ServicePluginDemo.Demo";
				PRODUCT_NAME = "$(TARGET_NAME)";
			};
			name = Release;
		};
/* End XCBuildConfiguration section */

/* Begin XCConfigurationList section */
		C52D01EC1ED9556B00E40887 /* Build configuration list for PBXProject "Demo" */ = {
			isa = XCConfigurationList;
			buildConfigurations = (
				C52D02061ED9556B00E40887 /* Debug */,
				C52D02071ED9556B00E40887 /* Release */,
			);
			defaultConfigurationIsVisible = 0;
			defaultConfigurationName = Release;
		};
		C52D02081ED9556B00E40887 /* Build configuration list for PBXNativeTarget "Demo" */ = {
			isa = XCConfigurationList;
			buildConfigurations = (
				C52D02091ED9556B00E40887 /* Debug */,
				C52D020A1ED9556B00E40887 /* Release */,
			);
			defaultConfigurationIsVisible = 0;
		};
/* End XCConfigurationList section */
	};
	rootObject = C52D01E91ED9556B00E40887 /* Project object */;
}
