// !$*UTF8*$!
{
	archiveVersion = 1;
	classes = {
	};
	objectVersion = 48;
	objects = {

/* Begin PBXBuildFile section */
		294953F17EF8FC11A912B259 /* libPods-Demo.a in Frameworks */ = {isa = PBXBuildFile; fileRef = 0581ACF799A10D5035AF0CBE /* libPods-Demo.a */; };
		C53A52071FA89A260005089E /* UIImage+Resize.m in Sources */ = {isa = PBXBuildFile; fileRef = C53A52051FA89A260005089E /* UIImage+Resize.m */; };
		C53A520A1FA95F4E0005089E /* CoreTelephony.framework in Frameworks */ = {isa = PBXBuildFile; fileRef = C53A52091FA95F440005089E /* CoreTelephony.framework */; };
		C54A73661FA993040047A99D /* libsqlite3.tbd in Frameworks */ = {isa = PBXBuildFile; fileRef = C54A73641FA993040047A99D /* libsqlite3.tbd */; };
		C54A73671FA993040047A99D /* libsqlite3.0.tbd in Frameworks */ = {isa = PBXBuildFile; fileRef = C54A73651FA993040047A99D /* libsqlite3.0.tbd */; };
		C54F93C61FAFFA6E000D2537 /* ViewController.m in Sources */ = {isa = PBXBuildFile; fileRef = C54F93C51FAFFA6E000D2537 /* ViewController.m */; };
		C56A9C7A1FA4238E0092A1E0 /* AppDelegate.m in Sources */ = {isa = PBXBuildFile; fileRef = C56A9C791FA4238E0092A1E0 /* AppDelegate.m */; };
		C56A9C801FA4238E0092A1E0 /* Main.storyboard in Resources */ = {isa = PBXBuildFile; fileRef = C56A9C7E1FA4238E0092A1E0 /* Main.storyboard */; };
		C56A9C821FA4238E0092A1E0 /* Assets.xcassets in Resources */ = {isa = PBXBuildFile; fileRef = C56A9C811FA4238E0092A1E0 /* Assets.xcassets */; };
		C56A9C851FA4238E0092A1E0 /* LaunchScreen.storyboard in Resources */ = {isa = PBXBuildFile; fileRef = C56A9C831FA4238E0092A1E0 /* LaunchScreen.storyboard */; };
		C56A9C881FA4238E0092A1E0 /* main.m in Sources */ = {isa = PBXBuildFile; fileRef = C56A9C871FA4238E0092A1E0 /* main.m */; };
		C599C67C1FB30729008AEB2F /* Man.m in Sources */ = {isa = PBXBuildFile; fileRef = C599C67B1FB30729008AEB2F /* Man.m */; };
		C599C67F1FB30736008AEB2F /* Fish.m in Sources */ = {isa = PBXBuildFile; fileRef = C599C67E1FB30736008AEB2F /* Fish.m */; };
/* End PBXBuildFile section */

/* Begin PBXFileReference section */
		0581ACF799A10D5035AF0CBE /* libPods-Demo.a */ = {isa = PBXFileReference; explicitFileType = archive.ar; includeInIndex = 0; path = "libPods-Demo.a"; sourceTree = BUILT_PRODUCTS_DIR; };
		C53A52051FA89A260005089E /* UIImage+Resize.m */ = {isa = PBXFileReference; fileEncoding = 4; lastKnownFileType = sourcecode.c.objc; path = "UIImage+Resize.m"; sourceTree = "<group>"; };
		C53A52061FA89A260005089E /* UIImage+Resize.h */ = {isa = PBXFileReference; fileEncoding = 4; lastKnownFileType = sourcecode.c.h; path = "UIImage+Resize.h"; sourceTree = "<group>"; };
		C53A52091FA95F440005089E /* CoreTelephony.framework */ = {isa = PBXFileReference; lastKnownFileType = wrapper.framework; name = CoreTelephony.framework; path = System/Library/Frameworks/CoreTelephony.framework; sourceTree = SDKROOT; };
		C54A73641FA993040047A99D /* libsqlite3.tbd */ = {isa = PBXFileReference; lastKnownFileType = "sourcecode.text-based-dylib-definition"; name = libsqlite3.tbd; path = usr/lib/libsqlite3.tbd; sourceTree = SDKROOT; };
		C54A73651FA993040047A99D /* libsqlite3.0.tbd */ = {isa = PBXFileReference; lastKnownFileType = "sourcecode.text-based-dylib-definition"; name = libsqlite3.0.tbd; path = usr/lib/libsqlite3.0.tbd; sourceTree = SDKROOT; };
		C54F93C41FAFFA6E000D2537 /* ViewController.h */ = {isa = PBXFileReference; lastKnownFileType = sourcecode.c.h; path = ViewController.h; sourceTree = "<group>"; };
		C54F93C51FAFFA6E000D2537 /* ViewController.m */ = {isa = PBXFileReference; lastKnownFileType = sourcecode.c.objc; path = ViewController.m; sourceTree = "<group>"; };
		C54F93C71FAFFD90000D2537 /* Demo.entitlements */ = {isa = PBXFileReference; lastKnownFileType = text.plist.entitlements; path = Demo.entitlements; sourceTree = "<group>"; };
		C56A9C751FA4238E0092A1E0 /* Demo.app */ = {isa = PBXFileReference; explicitFileType = wrapper.application; includeInIndex = 0; path = Demo.app; sourceTree = BUILT_PRODUCTS_DIR; };
		C56A9C781FA4238E0092A1E0 /* AppDelegate.h */ = {isa = PBXFileReference; lastKnownFileType = sourcecode.c.h; path = AppDelegate.h; sourceTree = "<group>"; };
		C56A9C791FA4238E0092A1E0 /* AppDelegate.m */ = {isa = PBXFileReference; lastKnownFileType = sourcecode.c.objc; path = AppDelegate.m; sourceTree = "<group>"; };
		C56A9C7F1FA4238E0092A1E0 /* Base */ = {isa = PBXFileReference; lastKnownFileType = file.storyboard; name = Base; path = Base.lproj/Main.storyboard; sourceTree = "<group>"; };
		C56A9C811FA4238E0092A1E0 /* Assets.xcassets */ = {isa = PBXFileReference; lastKnownFileType = folder.assetcatalog; path = Assets.xcassets; sourceTree = "<group>"; };
		C56A9C841FA4238E0092A1E0 /* Base */ = {isa = PBXFileReference; lastKnownFileType = file.storyboard; name = Base; path = Base.lproj/LaunchScreen.storyboard; sourceTree = "<group>"; };
		C56A9C861FA4238E0092A1E0 /* Info.plist */ = {isa = PBXFileReference; lastKnownFileType = text.plist.xml; path = Info.plist; sourceTree = "<group>"; };
		C56A9C871FA4238E0092A1E0 /* main.m */ = {isa = PBXFileReference; lastKnownFileType = sourcecode.c.objc; path = main.m; sourceTree = "<group>"; };
		C599C6791FB306D5008AEB2F /* Protocal.h */ = {isa = PBXFileReference; lastKnownFileType = sourcecode.c.h; path = Protocal.h; sourceTree = "<group>"; };
		C599C67A1FB30729008AEB2F /* Man.h */ = {isa = PBXFileReference; lastKnownFileType = sourcecode.c.h; path = Man.h; sourceTree = "<group>"; };
		C599C67B1FB30729008AEB2F /* Man.m */ = {isa = PBXFileReference; lastKnownFileType = sourcecode.c.objc; path = Man.m; sourceTree = "<group>"; };
		C599C67D1FB30736008AEB2F /* Fish.h */ = {isa = PBXFileReference; lastKnownFileType = sourcecode.c.h; path = Fish.h; sourceTree = "<group>"; };
		C599C67E1FB30736008AEB2F /* Fish.m */ = {isa = PBXFileReference; lastKnownFileType = sourcecode.c.objc; path = Fish.m; sourceTree = "<group>"; };
		D2B6A2F02ECE44628AAA515A /* Pods-Demo.release.xcconfig */ = {isa = PBXFileReference; includeInIndex = 1; lastKnownFileType = text.xcconfig; name = "Pods-Demo.release.xcconfig"; path = "Pods/Target Support Files/Pods-Demo/Pods-Demo.release.xcconfig"; sourceTree = "<group>"; };
		E45365F4D3D3B413B95BAF35 /* Pods-Demo.debug.xcconfig */ = {isa = PBXFileReference; includeInIndex = 1; lastKnownFileType = text.xcconfig; name = "Pods-Demo.debug.xcconfig"; path = "Pods/Target Support Files/Pods-Demo/Pods-Demo.debug.xcconfig"; sourceTree = "<group>"; };
/* End PBXFileReference section */

/* Begin PBXFrameworksBuildPhase section */
		C56A9C721FA4238E0092A1E0 /* Frameworks */ = {
			isa = PBXFrameworksBuildPhase;
			buildActionMask = 2147483647;
			files = (
				C54A73661FA993040047A99D /* libsqlite3.tbd in Frameworks */,
				C53A520A1FA95F4E0005089E /* CoreTelephony.framework in Frameworks */,
				C54A73671FA993040047A99D /* libsqlite3.0.tbd in Frameworks */,
				294953F17EF8FC11A912B259 /* libPods-Demo.a in Frameworks */,
			);
			runOnlyForDeploymentPostprocessing = 0;
		};
/* End PBXFrameworksBuildPhase section */

/* Begin PBXGroup section */
		3E0983F2F970FB999250D848 /* Pods */ = {
			isa = PBXGroup;
			children = (
				E45365F4D3D3B413B95BAF35 /* Pods-Demo.debug.xcconfig */,
				D2B6A2F02ECE44628AAA515A /* Pods-Demo.release.xcconfig */,
			);
			name = Pods;
			sourceTree = "<group>";
		};
		C53A52081FA95F440005089E /* Frameworks */ = {
			isa = PBXGroup;
			children = (
				C54A73651FA993040047A99D /* libsqlite3.0.tbd */,
				C54A73641FA993040047A99D /* libsqlite3.tbd */,
				C53A52091FA95F440005089E /* CoreTelephony.framework */,
				0581ACF799A10D5035AF0CBE /* libPods-Demo.a */,
			);
			name = Frameworks;
			sourceTree = "<group>";
		};
		C56A9C6C1FA4238E0092A1E0 = {
			isa = PBXGroup;
			children = (
				C56A9C771FA4238E0092A1E0 /* Demo */,
				C56A9C761FA4238E0092A1E0 /* Products */,
				C53A52081FA95F440005089E /* Frameworks */,
				3E0983F2F970FB999250D848 /* Pods */,
			);
			sourceTree = "<group>";
		};
		C56A9C761FA4238E0092A1E0 /* Products */ = {
			isa = PBXGroup;
			children = (
				C56A9C751FA4238E0092A1E0 /* Demo.app */,
			);
			name = Products;
			sourceTree = "<group>";
		};
		C56A9C771FA4238E0092A1E0 /* Demo */ = {
			isa = PBXGroup;
			children = (
				C54F93C71FAFFD90000D2537 /* Demo.entitlements */,
				C53A52061FA89A260005089E /* UIImage+Resize.h */,
				C53A52051FA89A260005089E /* UIImage+Resize.m */,
				C56A9C781FA4238E0092A1E0 /* AppDelegate.h */,
				C56A9C791FA4238E0092A1E0 /* AppDelegate.m */,
				C56A9C7E1FA4238E0092A1E0 /* Main.storyboard */,
				C56A9C811FA4238E0092A1E0 /* Assets.xcassets */,
				C56A9C831FA4238E0092A1E0 /* LaunchScreen.storyboard */,
				C56A9C861FA4238E0092A1E0 /* Info.plist */,
				C56A9C871FA4238E0092A1E0 /* main.m */,
				C54F93C41FAFFA6E000D2537 /* ViewController.h */,
				C54F93C51FAFFA6E000D2537 /* ViewController.m */,
				C599C6791FB306D5008AEB2F /* Protocal.h */,
				C599C67A1FB30729008AEB2F /* Man.h */,
				C599C67B1FB30729008AEB2F /* Man.m */,
				C599C67D1FB30736008AEB2F /* Fish.h */,
				C599C67E1FB30736008AEB2F /* Fish.m */,
			);
			path = Demo;
			sourceTree = "<group>";
		};
/* End PBXGroup section */

/* Begin PBXNativeTarget section */
		C56A9C741FA4238E0092A1E0 /* Demo */ = {
			isa = PBXNativeTarget;
			buildConfigurationList = C56A9C8B1FA4238E0092A1E0 /* Build configuration list for PBXNativeTarget "Demo" */;
			buildPhases = (
				4E0B5595A57B0500404ECEC2 /* [CP] Check Pods Manifest.lock */,
				C56A9C711FA4238E0092A1E0 /* Sources */,
				C56A9C721FA4238E0092A1E0 /* Frameworks */,
				C56A9C731FA4238E0092A1E0 /* Resources */,
				29C5F01D78A939D81AF5197F /* [CP] Embed Pods Frameworks */,
				19309E0D1F1B47511EFC70C4 /* [CP] Copy Pods Resources */,
			);
			buildRules = (
			);
			dependencies = (
			);
			name = Demo;
			productName = Demo;
			productReference = C56A9C751FA4238E0092A1E0 /* Demo.app */;
			productType = "com.apple.product-type.application";
		};
/* End PBXNativeTarget section */

/* Begin PBXProject section */
		C56A9C6D1FA4238E0092A1E0 /* Project object */ = {
			isa = PBXProject;
			attributes = {
				LastUpgradeCheck = 0900;
				ORGANIZATIONNAME = Ericdong;
				TargetAttributes = {
					C56A9C741FA4238E0092A1E0 = {
						CreatedOnToolsVersion = 9.0.1;
						ProvisioningStyle = Automatic;
						SystemCapabilities = {
							com.apple.Push = {
								enabled = 0;
							};
						};
					};
				};
			};
			buildConfigurationList = C56A9C701FA4238E0092A1E0 /* Build configuration list for PBXProject "Demo" */;
			compatibilityVersion = "Xcode 8.0";
			developmentRegion = en;
			hasScannedForEncodings = 0;
			knownRegions = (
				en,
				Base,
			);
			mainGroup = C56A9C6C1FA4238E0092A1E0;
			productRefGroup = C56A9C761FA4238E0092A1E0 /* Products */;
			projectDirPath = "";
			projectRoot = "";
			targets = (
				C56A9C741FA4238E0092A1E0 /* Demo */,
			);
		};
/* End PBXProject section */

/* Begin PBXResourcesBuildPhase section */
		C56A9C731FA4238E0092A1E0 /* Resources */ = {
			isa = PBXResourcesBuildPhase;
			buildActionMask = 2147483647;
			files = (
				C56A9C851FA4238E0092A1E0 /* LaunchScreen.storyboard in Resources */,
				C56A9C821FA4238E0092A1E0 /* Assets.xcassets in Resources */,
				C56A9C801FA4238E0092A1E0 /* Main.storyboard in Resources */,
			);
			runOnlyForDeploymentPostprocessing = 0;
		};
/* End PBXResourcesBuildPhase section */

/* Begin PBXShellScriptBuildPhase section */
		19309E0D1F1B47511EFC70C4 /* [CP] Copy Pods Resources */ = {
			isa = PBXShellScriptBuildPhase;
			buildActionMask = 2147483647;
			files = (
			);
			inputPaths = (
				"${SRCROOT}/Pods/Target Support Files/Pods-Demo/Pods-Demo-resources.sh",
				"${PODS_ROOT}/VKFoundation/Assets/VKFoundation_themes.plist",
				"${PODS_ROOT}/VKFoundation/Assets/VKPickerButton_bg.png",
				"${PODS_ROOT}/VKFoundation/Assets/VKPickerButton_bg@2x.png",
				"${PODS_ROOT}/VKFoundation/Assets/VKPickerButton_cross.png",
				"${PODS_ROOT}/VKFoundation/Assets/VKPickerButton_cross@2x.png",
				"${PODS_ROOT}/VKFoundation/Assets/VKScrubber_max.png",
				"${PODS_ROOT}/VKFoundation/Assets/VKScrubber_max@2x.png",
				"${PODS_ROOT}/VKFoundation/Assets/VKScrubber_min.png",
				"${PODS_ROOT}/VKFoundation/Assets/VKScrubber_min@2x.png",
				"${PODS_ROOT}/VKFoundation/Assets/VKScrubber_thumb.png",
				"${PODS_ROOT}/VKFoundation/Assets/VKScrubber_thumb@2x.png",
				"${PODS_ROOT}/../../VKVideoPlayer/Assets/VKVideoPlayer_close.png",
				"${PODS_ROOT}/../../VKVideoPlayer/Assets/VKVideoPlayer_close@2x.png",
				"${PODS_ROOT}/../../VKVideoPlayer/Assets/VKVideoPlayer_cross.png",
				"${PODS_ROOT}/../../VKVideoPlayer/Assets/VKVideoPlayer_cross@2x.png",
				"${PODS_ROOT}/../../VKVideoPlayer/Assets/VKVideoPlayer_next.png",
				"${PODS_ROOT}/../../VKVideoPlayer/Assets/VKVideoPlayer_next@2x.png",
				"${PODS_ROOT}/../../VKVideoPlayer/Assets/VKVideoPlayer_pause.png",
				"${PODS_ROOT}/../../VKVideoPlayer/Assets/VKVideoPlayer_pause@2x.png",
				"${PODS_ROOT}/../../VKVideoPlayer/Assets/VKVideoPlayer_pause_big.png",
				"${PODS_ROOT}/../../VKVideoPlayer/Assets/VKVideoPlayer_pause_big@2x.png",
				"${PODS_ROOT}/../../VKVideoPlayer/Assets/VKVideoPlayer_play.png",
				"${PODS_ROOT}/../../VKVideoPlayer/Assets/VKVideoPlayer_play@2x.png",
				"${PODS_ROOT}/../../VKVideoPlayer/Assets/VKVideoPlayer_play_big.png",
				"${PODS_ROOT}/../../VKVideoPlayer/Assets/VKVideoPlayer_play_big@2x.png",
				"${PODS_ROOT}/../../VKVideoPlayer/Assets/VKVideoPlayer_rewind.png",
				"${PODS_ROOT}/../../VKVideoPlayer/Assets/VKVideoPlayer_rewind@2x.png",
				"${PODS_ROOT}/../../VKVideoPlayer/Assets/VKVideoPlayer_zoom_in.png",
				"${PODS_ROOT}/../../VKVideoPlayer/Assets/VKVideoPlayer_zoom_in@2x.png",
				"${PODS_ROOT}/../../VKVideoPlayer/Assets/VKVideoPlayer_zoom_out.png",
				"${PODS_ROOT}/../../VKVideoPlayer/Assets/VKVideoPlayer_zoom_out@2x.png",
				"${PODS_ROOT}/../../VKVideoPlayer/Classes/ios/VKVideoPlayerView.xib",
				"${PODS_ROOT}/../../VKVideoPlayer/Classes/ios/VKVideoPlayerViewController~ipad.xib",
				"${PODS_ROOT}/../../VKVideoPlayer/Classes/ios/VKVideoPlayerViewController~iphone.xib",
			);
			name = "[CP] Copy Pods Resources";
			outputPaths = (
				"${TARGET_BUILD_DIR}/${UNLOCALIZED_RESOURCES_FOLDER_PATH}",
			);
			runOnlyForDeploymentPostprocessing = 0;
			shellPath = /bin/sh;
			shellScript = "\"${SRCROOT}/Pods/Target Support Files/Pods-Demo/Pods-Demo-resources.sh\"\n";
			showEnvVarsInLog = 0;
		};
		29C5F01D78A939D81AF5197F /* [CP] Embed Pods Frameworks */ = {
			isa = PBXShellScriptBuildPhase;
			buildActionMask = 2147483647;
			files = (
			);
			inputPaths = (
			);
			name = "[CP] Embed Pods Frameworks";
			outputPaths = (
			);
			runOnlyForDeploymentPostprocessing = 0;
			shellPath = /bin/sh;
			shellScript = "\"${SRCROOT}/Pods/Target Support Files/Pods-Demo/Pods-Demo-frameworks.sh\"\n";
			showEnvVarsInLog = 0;
		};
		4E0B5595A57B0500404ECEC2 /* [CP] Check Pods Manifest.lock */ = {
			isa = PBXShellScriptBuildPhase;
			buildActionMask = 2147483647;
			files = (
			);
			inputPaths = (
				"${PODS_PODFILE_DIR_PATH}/Podfile.lock",
				"${PODS_ROOT}/Manifest.lock",
			);
			name = "[CP] Check Pods Manifest.lock";
			outputPaths = (
				"$(DERIVED_FILE_DIR)/Pods-Demo-checkManifestLockResult.txt",
			);
			runOnlyForDeploymentPostprocessing = 0;
			shellPath = /bin/sh;
			shellScript = "diff \"${PODS_PODFILE_DIR_PATH}/Podfile.lock\" \"${PODS_ROOT}/Manifest.lock\" > /dev/null\nif [ $? != 0 ] ; then\n    # print error to STDERR\n    echo \"error: The sandbox is not in sync with the Podfile.lock. Run 'pod install' or update your CocoaPods installation.\" >&2\n    exit 1\nfi\n# This output is used by Xcode 'outputs' to avoid re-running this script phase.\necho \"SUCCESS\" > \"${SCRIPT_OUTPUT_FILE_0}\"\n";
			showEnvVarsInLog = 0;
		};
/* End PBXShellScriptBuildPhase section */

/* Begin PBXSourcesBuildPhase section */
		C56A9C711FA4238E0092A1E0 /* Sources */ = {
			isa = PBXSourcesBuildPhase;
			buildActionMask = 2147483647;
			files = (
				C53A52071FA89A260005089E /* UIImage+Resize.m in Sources */,
				C56A9C881FA4238E0092A1E0 /* main.m in Sources */,
				C599C67C1FB30729008AEB2F /* Man.m in Sources */,
				C599C67F1FB30736008AEB2F /* Fish.m in Sources */,
				C56A9C7A1FA4238E0092A1E0 /* AppDelegate.m in Sources */,
				C54F93C61FAFFA6E000D2537 /* ViewController.m in Sources */,
			);
			runOnlyForDeploymentPostprocessing = 0;
		};
/* End PBXSourcesBuildPhase section */

/* Begin PBXVariantGroup section */
		C56A9C7E1FA4238E0092A1E0 /* Main.storyboard */ = {
			isa = PBXVariantGroup;
			children = (
				C56A9C7F1FA4238E0092A1E0 /* Base */,
			);
			name = Main.storyboard;
			sourceTree = "<group>";
		};
		C56A9C831FA4238E0092A1E0 /* LaunchScreen.storyboard */ = {
			isa = PBXVariantGroup;
			children = (
				C56A9C841FA4238E0092A1E0 /* Base */,
			);
			name = LaunchScreen.storyboard;
			sourceTree = "<group>";
		};
/* End PBXVariantGroup section */

/* Begin XCBuildConfiguration section */
		C56A9C891FA4238E0092A1E0 /* Debug */ = {
			isa = XCBuildConfiguration;
			buildSettings = {
				ALWAYS_SEARCH_USER_PATHS = NO;
				CLANG_ANALYZER_NONNULL = YES;
				CLANG_ANALYZER_NUMBER_OBJECT_CONVERSION = YES_AGGRESSIVE;
				CLANG_CXX_LANGUAGE_STANDARD = "gnu++14";
				CLANG_CXX_LIBRARY = "libc++";
				CLANG_ENABLE_MODULES = YES;
				CLANG_ENABLE_OBJC_ARC = YES;
				CLANG_WARN_BLOCK_CAPTURE_AUTORELEASING = YES;
				CLANG_WARN_BOOL_CONVERSION = YES;
				CLANG_WARN_COMMA = YES;
				CLANG_WARN_CONSTANT_CONVERSION = YES;
				CLANG_WARN_DIRECT_OBJC_ISA_USAGE = YES_ERROR;
				CLANG_WARN_DOCUMENTATION_COMMENTS = YES;
				CLANG_WARN_EMPTY_BODY = YES;
				CLANG_WARN_ENUM_CONVERSION = YES;
				CLANG_WARN_INFINITE_RECURSION = YES;
				CLANG_WARN_INT_CONVERSION = YES;
				CLANG_WARN_NON_LITERAL_NULL_CONVERSION = YES;
				CLANG_WARN_OBJC_LITERAL_CONVERSION = YES;
				CLANG_WARN_OBJC_ROOT_CLASS = YES_ERROR;
				CLANG_WARN_RANGE_LOOP_ANALYSIS = YES;
				CLANG_WARN_STRICT_PROTOTYPES = YES;
				CLANG_WARN_SUSPICIOUS_MOVE = YES;
				CLANG_WARN_UNGUARDED_AVAILABILITY = YES_AGGRESSIVE;
				CLANG_WARN_UNREACHABLE_CODE = YES;
				CLANG_WARN__DUPLICATE_METHOD_MATCH = YES;
				CODE_SIGN_IDENTITY = "iPhone Developer";
				COPY_PHASE_STRIP = NO;
				DEBUG_INFORMATION_FORMAT = dwarf;
				ENABLE_STRICT_OBJC_MSGSEND = YES;
				ENABLE_TESTABILITY = YES;
				GCC_C_LANGUAGE_STANDARD = gnu11;
				GCC_DYNAMIC_NO_PIC = NO;
				GCC_NO_COMMON_BLOCKS = YES;
				GCC_OPTIMIZATION_LEVEL = 0;
				GCC_PREPROCESSOR_DEFINITIONS = (
					"DEBUG=1",
					"$(inherited)",
				);
				GCC_WARN_64_TO_32_BIT_CONVERSION = YES;
				GCC_WARN_ABOUT_RETURN_TYPE = YES_ERROR;
				GCC_WARN_UNDECLARED_SELECTOR = YES;
				GCC_WARN_UNINITIALIZED_AUTOS = YES_AGGRESSIVE;
				GCC_WARN_UNUSED_FUNCTION = YES;
				GCC_WARN_UNUSED_VARIABLE = YES;
				IPHONEOS_DEPLOYMENT_TARGET = 11.0;
				MTL_ENABLE_DEBUG_INFO = YES;
				ONLY_ACTIVE_ARCH = YES;
				SDKROOT = iphoneos;
			};
			name = Debug;
		};
		C56A9C8A1FA4238E0092A1E0 /* Release */ = {
			isa = XCBuildConfiguration;
			buildSettings = {
				ALWAYS_SEARCH_USER_PATHS = NO;
				CLANG_ANALYZER_NONNULL = YES;
				CLANG_ANALYZER_NUMBER_OBJECT_CONVERSION = YES_AGGRESSIVE;
				CLANG_CXX_LANGUAGE_STANDARD = "gnu++14";
				CLANG_CXX_LIBRARY = "libc++";
				CLANG_ENABLE_MODULES = YES;
				CLANG_ENABLE_OBJC_ARC = YES;
				CLANG_WARN_BLOCK_CAPTURE_AUTORELEASING = YES;
				CLANG_WARN_BOOL_CONVERSION = YES;
				CLANG_WARN_COMMA = YES;
				CLANG_WARN_CONSTANT_CONVERSION = YES;
				CLANG_WARN_DIRECT_OBJC_ISA_USAGE = YES_ERROR;
				CLANG_WARN_DOCUMENTATION_COMMENTS = YES;
				CLANG_WARN_EMPTY_BODY = YES;
				CLANG_WARN_ENUM_CONVERSION = YES;
				CLANG_WARN_INFINITE_RECURSION = YES;
				CLANG_WARN_INT_CONVERSION = YES;
				CLANG_WARN_NON_LITERAL_NULL_CONVERSION = YES;
				CLANG_WARN_OBJC_LITERAL_CONVERSION = YES;
				CLANG_WARN_OBJC_ROOT_CLASS = YES_ERROR;
				CLANG_WARN_RANGE_LOOP_ANALYSIS = YES;
				CLANG_WARN_STRICT_PROTOTYPES = YES;
				CLANG_WARN_SUSPICIOUS_MOVE = YES;
				CLANG_WARN_UNGUARDED_AVAILABILITY = YES_AGGRESSIVE;
				CLANG_WARN_UNREACHABLE_CODE = YES;
				CLANG_WARN__DUPLICATE_METHOD_MATCH = YES;
				CODE_SIGN_IDENTITY = "iPhone Developer";
				COPY_PHASE_STRIP = NO;
				DEBUG_INFORMATION_FORMAT = "dwarf-with-dsym";
				ENABLE_NS_ASSERTIONS = NO;
				ENABLE_STRICT_OBJC_MSGSEND = YES;
				GCC_C_LANGUAGE_STANDARD = gnu11;
				GCC_NO_COMMON_BLOCKS = YES;
				GCC_WARN_64_TO_32_BIT_CONVERSION = YES;
				GCC_WARN_ABOUT_RETURN_TYPE = YES_ERROR;
				GCC_WARN_UNDECLARED_SELECTOR = YES;
				GCC_WARN_UNINITIALIZED_AUTOS = YES_AGGRESSIVE;
				GCC_WARN_UNUSED_FUNCTION = YES;
				GCC_WARN_UNUSED_VARIABLE = YES;
				IPHONEOS_DEPLOYMENT_TARGET = 11.0;
				MTL_ENABLE_DEBUG_INFO = NO;
				SDKROOT = iphoneos;
				VALIDATE_PRODUCT = YES;
			};
			name = Release;
		};
		C56A9C8C1FA4238E0092A1E0 /* Debug */ = {
			isa = XCBuildConfiguration;
			baseConfigurationReference = E45365F4D3D3B413B95BAF35 /* Pods-Demo.debug.xcconfig */;
			buildSettings = {
				ASSETCATALOG_COMPILER_APPICON_NAME = AppIcon;
				CODE_SIGN_STYLE = Automatic;
				DEVELOPMENT_TEAM = Q73S6C967P;
				INFOPLIST_FILE = Demo/Info.plist;
				IPHONEOS_DEPLOYMENT_TARGET = 8.0;
				LD_RUNPATH_SEARCH_PATHS = "$(inherited) @executable_path/Frameworks";
				PRODUCT_BUNDLE_IDENTIFIER = "com.treefinance.-ServicePluginDemo.Demo";
				PRODUCT_NAME = "$(TARGET_NAME)";
				TARGETED_DEVICE_FAMILY = "1,2";
			};
			name = Debug;
		};
		C56A9C8D1FA4238E0092A1E0 /* Release */ = {
			isa = XCBuildConfiguration;
			baseConfigurationReference = D2B6A2F02ECE44628AAA515A /* Pods-Demo.release.xcconfig */;
			buildSettings = {
				ASSETCATALOG_COMPILER_APPICON_NAME = AppIcon;
				CODE_SIGN_STYLE = Automatic;
				DEVELOPMENT_TEAM = Q73S6C967P;
				INFOPLIST_FILE = Demo/Info.plist;
				IPHONEOS_DEPLOYMENT_TARGET = 8.0;
				LD_RUNPATH_SEARCH_PATHS = "$(inherited) @executable_path/Frameworks";
				PRODUCT_BUNDLE_IDENTIFIER = "com.treefinance.-ServicePluginDemo.Demo";
				PRODUCT_NAME = "$(TARGET_NAME)";
				TARGETED_DEVICE_FAMILY = "1,2";
			};
			name = Release;
		};
/* End XCBuildConfiguration section */

/* Begin XCConfigurationList section */
		C56A9C701FA4238E0092A1E0 /* Build configuration list for PBXProject "Demo" */ = {
			isa = XCConfigurationList;
			buildConfigurations = (
				C56A9C891FA4238E0092A1E0 /* Debug */,
				C56A9C8A1FA4238E0092A1E0 /* Release */,
			);
			defaultConfigurationIsVisible = 0;
			defaultConfigurationName = Release;
		};
		C56A9C8B1FA4238E0092A1E0 /* Build configuration list for PBXNativeTarget "Demo" */ = {
			isa = XCConfigurationList;
			buildConfigurations = (
				C56A9C8C1FA4238E0092A1E0 /* Debug */,
				C56A9C8D1FA4238E0092A1E0 /* Release */,
			);
			defaultConfigurationIsVisible = 0;
			defaultConfigurationName = Release;
		};
/* End XCConfigurationList section */
	};
	rootObject = C56A9C6D1FA4238E0092A1E0 /* Project object */;
}
